{
    "name": "head-in-the-clouds",
    "version": "0.0.1",
    "lockfileVersion": 2,
    "requires": true,
    "packages": {
        "": {
            "name": "head-in-the-clouds",
            "version": "0.0.1",
            "engines": {
                "vscode": "^1.62.0"
            }
        }
    }
}
